
Microsoft Visual Studio Solution File, Format Version 12.00
# Visual Studio Version 17
VisualStudioVersion = 17.1.32210.238
MinimumVisualStudioVersion = 10.0.40219.1
Project("{9A19103F-16F7-4668-BE54-9A1E7A4F7556}") = "Dit.Umb.Mutobo10", "Dit.Umb.Mutobo10\Dit.Umb.Mutobo10.csproj", "{98B38FA6-70F8-424B-AC2C-2F810A2EA6EA}"
EndProject
Project("{9A19103F-16F7-4668-BE54-9A1E7A4F7556}") = "Dit.Umb.Mutobo.ToolBox", "Dit.Umb.Mutobo.ToolBox\Dit.Umb.Mutobo.ToolBox.csproj", "{32E4FF2A-C4F0-417A-919D-D4515AE7BCE3}"
EndProject
Global
	GlobalSection(SolutionConfigurationPlatforms) = preSolution
		Debug|Any CPU = Debug|Any CPU
		Release|Any CPU = Release|Any CPU
	EndGlobalSection
	GlobalSection(ProjectConfigurationPlatforms) = postSolution
		{98B38FA6-70F8-424B-AC2C-2F810A2EA6EA}.Debug|Any CPU.ActiveCfg = Debug|Any CPU
		{98B38FA6-70F8-424B-AC2C-2F810A2EA6EA}.Debug|Any CPU.Build.0 = Debug|Any CPU
		{98B38FA6-70F8-424B-AC2C-2F810A2EA6EA}.Release|Any CPU.ActiveCfg = Release|Any CPU
		{98B38FA6-70F8-424B-AC2C-2F810A2EA6EA}.Release|Any CPU.Build.0 = Release|Any CPU
		{32E4FF2A-C4F0-417A-919D-D4515AE7BCE3}.Debug|Any CPU.ActiveCfg = Debug|Any CPU
		{32E4FF2A-C4F0-417A-919D-D4515AE7BCE3}.Debug|Any CPU.Build.0 = Debug|Any CPU
		{32E4FF2A-C4F0-417A-919D-D4515AE7BCE3}.Release|Any CPU.ActiveCfg = Release|Any CPU
		{32E4FF2A-C4F0-417A-919D-D4515AE7BCE3}.Release|Any CPU.Build.0 = Release|Any CPU
	EndGlobalSection
	GlobalSection(SolutionProperties) = preSolution
		HideSolutionNode = FALSE
	EndGlobalSection
	GlobalSection(ExtensibilityGlobals) = postSolution
		SolutionGuid = {52B58505-7ED6-4DD9-BBFD-4B6705663235}
	EndGlobalSection
EndGlobal
